
Microsoft Visual Studio Solution File, Format Version 12.00
# Visual Studio 15
VisualStudioVersion = 15.0.28307.136
MinimumVisualStudioVersion = 10.0.40219.1
Project("{FAE04EC0-301F-11D3-BF4B-00C04F79EFBC}") = "Vidly", "Vidly\Vidly.csproj", "{DB1B9197-0E8D-4DC8-AB46-2225FCD5A837}"
EndProject
Global
	GlobalSection(SolutionConfigurationPlatforms) = preSolution
		Debug|Any CPU = Debug|Any CPU
		Release|Any CPU = Release|Any CPU
	EndGlobalSection
	GlobalSection(ProjectConfigurationPlatforms) = postSolution
		{DB1B9197-0E8D-4DC8-AB46-2225FCD5A837}.Debug|Any CPU.ActiveCfg = Debug|Any CPU
		{DB1B9197-0E8D-4DC8-AB46-2225FCD5A837}.Debug|Any CPU.Build.0 = Debug|Any CPU
		{DB1B9197-0E8D-4DC8-AB46-2225FCD5A837}.Release|Any CPU.ActiveCfg = Release|Any CPU
		{DB1B9197-0E8D-4DC8-AB46-2225FCD5A837}.Release|Any CPU.Build.0 = Release|Any CPU
	EndGlobalSection
	GlobalSection(SolutionProperties) = preSolution
		HideSolutionNode = FALSE
	EndGlobalSection
	GlobalSection(ExtensibilityGlobals) = postSolution
		SolutionGuid = {35170303-76A0-449B-9245-47364C041F1D}
	EndGlobalSection
EndGlobal
